
Microsoft Visual Studio Solution File, Format Version 12.00
# Visual Studio 2015
Project("{FAE04EC0-301F-11D3-BF4B-00C04F79EFBC}") = "AR project.CSharp.Plugins", "AR project.CSharp.Plugins.csproj", "{A089B1C4-E192-6950-AAB2-11F03CDD21AC}"
EndProject
Project("{FAE04EC0-301F-11D3-BF4B-00C04F79EFBC}") = "AR project.CSharp", "AR project.CSharp.csproj", "{CE11DCEF-D256-560E-9A6F-185FE7AB8384}"
EndProject
Project("{FAE04EC0-301F-11D3-BF4B-00C04F79EFBC}") = "AR project.CSharp.Editor", "AR project.CSharp.Editor.csproj", "{01CB0BC9-ABF6-6A5A-3FF3-A01C7DC3A318}"
EndProject
Global
	GlobalSection(SolutionConfigurationPlatforms) = preSolution
		Debug|Any CPU = Debug|Any CPU
		Release|Any CPU = Release|Any CPU
	EndGlobalSection
	GlobalSection(ProjectConfigurationPlatforms) = postSolution
		{A089B1C4-E192-6950-AAB2-11F03CDD21AC}.Debug|Any CPU.ActiveCfg = Debug|Any CPU
		{A089B1C4-E192-6950-AAB2-11F03CDD21AC}.Debug|Any CPU.Build.0 = Debug|Any CPU
		{A089B1C4-E192-6950-AAB2-11F03CDD21AC}.Release|Any CPU.ActiveCfg = Release|Any CPU
		{A089B1C4-E192-6950-AAB2-11F03CDD21AC}.Release|Any CPU.Build.0 = Release|Any CPU
		{CE11DCEF-D256-560E-9A6F-185FE7AB8384}.Debug|Any CPU.ActiveCfg = Debug|Any CPU
		{CE11DCEF-D256-560E-9A6F-185FE7AB8384}.Debug|Any CPU.Build.0 = Debug|Any CPU
		{CE11DCEF-D256-560E-9A6F-185FE7AB8384}.Release|Any CPU.ActiveCfg = Release|Any CPU
		{CE11DCEF-D256-560E-9A6F-185FE7AB8384}.Release|Any CPU.Build.0 = Release|Any CPU
		{01CB0BC9-ABF6-6A5A-3FF3-A01C7DC3A318}.Debug|Any CPU.ActiveCfg = Debug|Any CPU
		{01CB0BC9-ABF6-6A5A-3FF3-A01C7DC3A318}.Debug|Any CPU.Build.0 = Debug|Any CPU
		{01CB0BC9-ABF6-6A5A-3FF3-A01C7DC3A318}.Release|Any CPU.ActiveCfg = Release|Any CPU
		{01CB0BC9-ABF6-6A5A-3FF3-A01C7DC3A318}.Release|Any CPU.Build.0 = Release|Any CPU
	EndGlobalSection
	GlobalSection(SolutionProperties) = preSolution
		HideSolutionNode = FALSE
	EndGlobalSection
EndGlobal
